
Microsoft Visual Studio Solution File, Format Version 12.00
# Visual Studio Version 16
VisualStudioVersion = 16.0.31911.196
MinimumVisualStudioVersion = 10.0.40219.1
Project("{FAE04EC0-301F-11D3-BF4B-00C04F79EFBC}") = "St", "St\St.csproj", "{A1C00865-22C2-4FD7-9C43-281BE19ACFF2}"
EndProject
Global
	GlobalSection(SolutionConfigurationPlatforms) = preSolution
		Debug|Any CPU = Debug|Any CPU
		Release|Any CPU = Release|Any CPU
	EndGlobalSection
	GlobalSection(ProjectConfigurationPlatforms) = postSolution
		{A1C00865-22C2-4FD7-9C43-281BE19ACFF2}.Debug|Any CPU.ActiveCfg = Debug|Any CPU
		{A1C00865-22C2-4FD7-9C43-281BE19ACFF2}.Debug|Any CPU.Build.0 = Debug|Any CPU
		{A1C00865-22C2-4FD7-9C43-281BE19ACFF2}.Release|Any CPU.ActiveCfg = Release|Any CPU
		{A1C00865-22C2-4FD7-9C43-281BE19ACFF2}.Release|Any CPU.Build.0 = Release|Any CPU
	EndGlobalSection
	GlobalSection(SolutionProperties) = preSolution
		HideSolutionNode = FALSE
	EndGlobalSection
	GlobalSection(ExtensibilityGlobals) = postSolution
		SolutionGuid = {6D388826-07D3-4AE6-837F-DA9EBADE695F}
	EndGlobalSection
EndGlobal
