
Microsoft Visual Studio Solution File, Format Version 12.00
# Visual Studio Version 16
VisualStudioVersion = 16.0.31911.196
MinimumVisualStudioVersion = 10.0.40219.1
Project("{FAE04EC0-301F-11D3-BF4B-00C04F79EFBC}") = "Assignment2", "Assignment2\Assignment2.csproj", "{577EEB90-CDF8-47BA-9C97-5D2485AED67C}"
EndProject
Global
	GlobalSection(SolutionConfigurationPlatforms) = preSolution
		Debug|Any CPU = Debug|Any CPU
		Release|Any CPU = Release|Any CPU
	EndGlobalSection
	GlobalSection(ProjectConfigurationPlatforms) = postSolution
		{577EEB90-CDF8-47BA-9C97-5D2485AED67C}.Debug|Any CPU.ActiveCfg = Debug|Any CPU
		{577EEB90-CDF8-47BA-9C97-5D2485AED67C}.Debug|Any CPU.Build.0 = Debug|Any CPU
		{577EEB90-CDF8-47BA-9C97-5D2485AED67C}.Release|Any CPU.ActiveCfg = Release|Any CPU
		{577EEB90-CDF8-47BA-9C97-5D2485AED67C}.Release|Any CPU.Build.0 = Release|Any CPU
	EndGlobalSection
	GlobalSection(SolutionProperties) = preSolution
		HideSolutionNode = FALSE
	EndGlobalSection
	GlobalSection(ExtensibilityGlobals) = postSolution
		SolutionGuid = {0EB08477-CB3E-4D18-B3E0-D165B4FF8A5C}
	EndGlobalSection
EndGlobal
