
Microsoft Visual Studio Solution File, Format Version 12.00
# Visual Studio Version 16
VisualStudioVersion = 16.0.31911.196
MinimumVisualStudioVersion = 10.0.40219.1
Project("{FAE04EC0-301F-11D3-BF4B-00C04F79EFBC}") = "Practice", "Practice\Practice.csproj", "{52845777-7569-4C72-B5CE-ADD257BE7FD4}"
EndProject
Global
	GlobalSection(SolutionConfigurationPlatforms) = preSolution
		Debug|Any CPU = Debug|Any CPU
		Release|Any CPU = Release|Any CPU
	EndGlobalSection
	GlobalSection(ProjectConfigurationPlatforms) = postSolution
		{52845777-7569-4C72-B5CE-ADD257BE7FD4}.Debug|Any CPU.ActiveCfg = Debug|Any CPU
		{52845777-7569-4C72-B5CE-ADD257BE7FD4}.Debug|Any CPU.Build.0 = Debug|Any CPU
		{52845777-7569-4C72-B5CE-ADD257BE7FD4}.Release|Any CPU.ActiveCfg = Release|Any CPU
		{52845777-7569-4C72-B5CE-ADD257BE7FD4}.Release|Any CPU.Build.0 = Release|Any CPU
	EndGlobalSection
	GlobalSection(SolutionProperties) = preSolution
		HideSolutionNode = FALSE
	EndGlobalSection
	GlobalSection(ExtensibilityGlobals) = postSolution
		SolutionGuid = {D6B75E21-1F05-410C-B813-5BEC1152A830}
	EndGlobalSection
EndGlobal
