
Microsoft Visual Studio Solution File, Format Version 12.00
# Visual Studio Version 16
VisualStudioVersion = 16.0.31911.196
MinimumVisualStudioVersion = 10.0.40219.1
Project("{FAE04EC0-301F-11D3-BF4B-00C04F79EFBC}") = "Assignment5", "Assignment5\Assignment5.csproj", "{F3B3CC90-9DCE-4B16-AA16-046CF045891D}"
EndProject
Global
	GlobalSection(SolutionConfigurationPlatforms) = preSolution
		Debug|Any CPU = Debug|Any CPU
		Release|Any CPU = Release|Any CPU
	EndGlobalSection
	GlobalSection(ProjectConfigurationPlatforms) = postSolution
		{F3B3CC90-9DCE-4B16-AA16-046CF045891D}.Debug|Any CPU.ActiveCfg = Debug|Any CPU
		{F3B3CC90-9DCE-4B16-AA16-046CF045891D}.Debug|Any CPU.Build.0 = Debug|Any CPU
		{F3B3CC90-9DCE-4B16-AA16-046CF045891D}.Release|Any CPU.ActiveCfg = Release|Any CPU
		{F3B3CC90-9DCE-4B16-AA16-046CF045891D}.Release|Any CPU.Build.0 = Release|Any CPU
	EndGlobalSection
	GlobalSection(SolutionProperties) = preSolution
		HideSolutionNode = FALSE
	EndGlobalSection
	GlobalSection(ExtensibilityGlobals) = postSolution
		SolutionGuid = {4FC5C3FA-46CB-417C-8296-4B57DEC7E93C}
	EndGlobalSection
EndGlobal
