
Microsoft Visual Studio Solution File, Format Version 12.00
# Visual Studio Version 16
VisualStudioVersion = 16.0.31911.196
MinimumVisualStudioVersion = 10.0.40219.1
Project("{FAE04EC0-301F-11D3-BF4B-00C04F79EFBC}") = "ConsoleApp6", "ConsoleApp6\ConsoleApp6.csproj", "{2B594BF6-AC79-4700-8127-31E12EB5B6CD}"
EndProject
Global
	GlobalSection(SolutionConfigurationPlatforms) = preSolution
		Debug|Any CPU = Debug|Any CPU
		Release|Any CPU = Release|Any CPU
	EndGlobalSection
	GlobalSection(ProjectConfigurationPlatforms) = postSolution
		{2B594BF6-AC79-4700-8127-31E12EB5B6CD}.Debug|Any CPU.ActiveCfg = Debug|Any CPU
		{2B594BF6-AC79-4700-8127-31E12EB5B6CD}.Debug|Any CPU.Build.0 = Debug|Any CPU
		{2B594BF6-AC79-4700-8127-31E12EB5B6CD}.Release|Any CPU.ActiveCfg = Release|Any CPU
		{2B594BF6-AC79-4700-8127-31E12EB5B6CD}.Release|Any CPU.Build.0 = Release|Any CPU
	EndGlobalSection
	GlobalSection(SolutionProperties) = preSolution
		HideSolutionNode = FALSE
	EndGlobalSection
	GlobalSection(ExtensibilityGlobals) = postSolution
		SolutionGuid = {D184FA9B-45E4-419F-ADFE-AF31C1F62398}
	EndGlobalSection
EndGlobal
